# This file is automatically @generated by Poetry 1.8.2 and should not be changed by hand.

[[package]]
name = "h5grove"
version = "2.2.0"
description = "Core utilities to serve HDF5 file contents"
optional = false
python-versions = ">=3.8"
files = [
    {file = "h5grove-2.2.0-py3-none-any.whl", hash = "sha256:6320d688c0235edadf9116392491a476fd1a5363668110e85591870f6722bfcd"},
    {file = "h5grove-2.2.0.tar.gz", hash = "sha256:4ff4aed7166931ed71466ebe6ef49871a8ae76d85e4084601362c8a2b7af0c5d"},
]

[package.dependencies]
h5py = ">=3"
numpy = "*"
orjson = "*"
tifffile = "*"
tornado = {version = "*", optional = true, markers = "extra == \"tornado\""}
typing-extensions = "*"

[package.extras]
dev = ["black", "bump2version", "check-manifest", "flake8", "h5grove[fastapi]", "h5grove[flask]", "h5grove[tornado]", "httpx (>=0.23)", "invoke", "mypy", "myst-parser", "pytest", "pytest-benchmark", "pytest-cov", "pytest-tornado", "sphinx", "sphinx-argparse", "sphinx-autobuild", "types-contextvars", "types-dataclasses", "types-orjson", "types-pkg-resources"]
fastapi = ["fastapi", "pydantic (>2)", "pydantic-settings", "uvicorn"]
flask = ["Flask", "Flask-Compress", "Flask-Cors"]
tornado = ["tornado"]

[[package]]
name = "h5py"
version = "3.11.0"
description = "Read and write HDF5 files from Python"
optional = false
python-versions = ">=3.8"
files = [
    {file = "h5py-3.11.0-cp310-cp310-macosx_10_9_x86_64.whl", hash = "sha256:1625fd24ad6cfc9c1ccd44a66dac2396e7ee74940776792772819fc69f3a3731"},
    {file = "h5py-3.11.0-cp310-cp310-macosx_11_0_arm64.whl", hash = "sha256:c072655ad1d5fe9ef462445d3e77a8166cbfa5e599045f8aa3c19b75315f10e5"},
    {file = "h5py-3.11.0-cp310-cp310-manylinux_2_17_x86_64.manylinux2014_x86_64.whl", hash = "sha256:77b19a40788e3e362b54af4dcf9e6fde59ca016db2c61360aa30b47c7b7cef00"},
    {file = "h5py-3.11.0-cp310-cp310-win_amd64.whl", hash = "sha256:ef4e2f338fc763f50a8113890f455e1a70acd42a4d083370ceb80c463d803972"},
    {file = "h5py-3.11.0-cp311-cp311-macosx_10_9_x86_64.whl", hash = "sha256:bbd732a08187a9e2a6ecf9e8af713f1d68256ee0f7c8b652a32795670fb481ba"},
    {file = "h5py-3.11.0-cp311-cp311-macosx_11_0_arm64.whl", hash = "sha256:75bd7b3d93fbeee40860fd70cdc88df4464e06b70a5ad9ce1446f5f32eb84007"},
    {file = "h5py-3.11.0-cp311-cp311-manylinux_2_17_x86_64.manylinux2014_x86_64.whl", hash = "sha256:52c416f8eb0daae39dabe71415cb531f95dce2d81e1f61a74537a50c63b28ab3"},
    {file = "h5py-3.11.0-cp311-cp311-win_amd64.whl", hash = "sha256:083e0329ae534a264940d6513f47f5ada617da536d8dccbafc3026aefc33c90e"},
    {file = "h5py-3.11.0-cp312-cp312-macosx_10_9_x86_64.whl", hash = "sha256:a76cae64080210389a571c7d13c94a1a6cf8cb75153044fd1f822a962c97aeab"},
    {file = "h5py-3.11.0-cp312-cp312-macosx_11_0_arm64.whl", hash = "sha256:f3736fe21da2b7d8a13fe8fe415f1272d2a1ccdeff4849c1421d2fb30fd533bc"},
    {file = "h5py-3.11.0-cp312-cp312-manylinux_2_17_x86_64.manylinux2014_x86_64.whl", hash = "sha256:aa6ae84a14103e8dc19266ef4c3e5d7c00b68f21d07f2966f0ca7bdb6c2761fb"},
    {file = "h5py-3.11.0-cp312-cp312-win_amd64.whl", hash = "sha256:21dbdc5343f53b2e25404673c4f00a3335aef25521bd5fa8c707ec3833934892"},
    {file = "h5py-3.11.0-cp38-cp38-macosx_10_9_x86_64.whl", hash = "sha256:754c0c2e373d13d6309f408325343b642eb0f40f1a6ad21779cfa9502209e150"},
    {file = "h5py-3.11.0-cp38-cp38-macosx_11_0_arm64.whl", hash = "sha256:731839240c59ba219d4cb3bc5880d438248533366f102402cfa0621b71796b62"},
    {file = "h5py-3.11.0-cp38-cp38-manylinux_2_17_x86_64.manylinux2014_x86_64.whl", hash = "sha256:8ec9df3dd2018904c4cc06331951e274f3f3fd091e6d6cc350aaa90fa9b42a76"},
    {file = "h5py-3.11.0-cp38-cp38-win_amd64.whl", hash = "sha256:55106b04e2c83dfb73dc8732e9abad69d83a436b5b82b773481d95d17b9685e1"},
    {file = "h5py-3.11.0-cp39-cp39-macosx_10_9_x86_64.whl", hash = "sha256:f4e025e852754ca833401777c25888acb96889ee2c27e7e629a19aee288833f0"},
    {file = "h5py-3.11.0-cp39-cp39-macosx_11_0_arm64.whl", hash = "sha256:6c4b760082626120031d7902cd983d8c1f424cdba2809f1067511ef283629d4b"},
    {file = "h5py-3.11.0-cp39-cp39-manylinux_2_17_x86_64.manylinux2014_x86_64.whl", hash = "sha256:67462d0669f8f5459529de179f7771bd697389fcb3faab54d63bf788599a48ea"},
    {file = "h5py-3.11.0-cp39-cp39-win_amd64.whl", hash = "sha256:d9c944d364688f827dc889cf83f1fca311caf4fa50b19f009d1f2b525edd33a3"},
    {file = "h5py-3.11.0.tar.gz", hash = "sha256:7b7e8f78072a2edec87c9836f25f34203fd492a4475709a18b417a33cfb21fa9"},
]

[package.dependencies]
numpy = ">=1.17.3"

[[package]]
name = "numpy"
version = "1.26.4"
description = "Fundamental package for array computing in Python"
optional = false
python-versions = ">=3.9"
files = [
    {file = "numpy-1.26.4-cp310-cp310-macosx_10_9_x86_64.whl", hash = "sha256:9ff0f4f29c51e2803569d7a51c2304de5554655a60c5d776e35b4a41413830d0"},
    {file = "numpy-1.26.4-cp310-cp310-macosx_11_0_arm64.whl", hash = "sha256:2e4ee3380d6de9c9ec04745830fd9e2eccb3e6cf790d39d7b98ffd19b0dd754a"},
    {file = "numpy-1.26.4-cp310-cp310-manylinux_2_17_aarch64.manylinux2014_aarch64.whl", hash = "sha256:d209d8969599b27ad20994c8e41936ee0964e6da07478d6c35016bc386b66ad4"},
    {file = "numpy-1.26.4-cp310-cp310-manylinux_2_17_x86_64.manylinux2014_x86_64.whl", hash = "sha256:ffa75af20b44f8dba823498024771d5ac50620e6915abac414251bd971b4529f"},
    {file = "numpy-1.26.4-cp310-cp310-musllinux_1_1_aarch64.whl", hash = "sha256:62b8e4b1e28009ef2846b4c7852046736bab361f7aeadeb6a5b89ebec3c7055a"},
    {file = "numpy-1.26.4-cp310-cp310-musllinux_1_1_x86_64.whl", hash = "sha256:a4abb4f9001ad2858e7ac189089c42178fcce737e4169dc61321660f1a96c7d2"},
    {file = "numpy-1.26.4-cp310-cp310-win32.whl", hash = "sha256:bfe25acf8b437eb2a8b2d49d443800a5f18508cd811fea3181723922a8a82b07"},
    {file = "numpy-1.26.4-cp310-cp310-win_amd64.whl", hash = "sha256:b97fe8060236edf3662adfc2c633f56a08ae30560c56310562cb4f95500022d5"},
    {file = "numpy-1.26.4-cp311-cp311-macosx_10_9_x86_64.whl", hash = "sha256:4c66707fabe114439db9068ee468c26bbdf909cac0fb58686a42a24de1760c71"},
    {file = "numpy-1.26.4-cp311-cp311-macosx_11_0_arm64.whl", hash = "sha256:edd8b5fe47dab091176d21bb6de568acdd906d1887a4584a15a9a96a1dca06ef"},
    {file = "numpy-1.26.4-cp311-cp311-manylinux_2_17_aarch64.manylinux2014_aarch64.whl", hash = "sha256:7ab55401287bfec946ced39700c053796e7cc0e3acbef09993a9ad2adba6ca6e"},
    {file = "numpy-1.26.4-cp311-cp311-manylinux_2_17_x86_64.manylinux2014_x86_64.whl", hash = "sha256:666dbfb6ec68962c033a450943ded891bed2d54e6755e35e5835d63f4f6931d5"},
    {file = "numpy-1.26.4-cp311-cp311-musllinux_1_1_aarch64.whl", hash = "sha256:96ff0b2ad353d8f990b63294c8986f1ec3cb19d749234014f4e7eb0112ceba5a"},
    {file = "numpy-1.26.4-cp311-cp311-musllinux_1_1_x86_64.whl", hash = "sha256:60dedbb91afcbfdc9bc0b1f3f402804070deed7392c23eb7a7f07fa857868e8a"},
    {file = "numpy-1.26.4-cp311-cp311-win32.whl", hash = "sha256:1af303d6b2210eb850fcf03064d364652b7120803a0b872f5211f5234b399f20"},
    {file = "numpy-1.26.4-cp311-cp311-win_amd64.whl", hash = "sha256:cd25bcecc4974d09257ffcd1f098ee778f7834c3ad767fe5db785be9a4aa9cb2"},
    {file = "numpy-1.26.4-cp312-cp312-macosx_10_9_x86_64.whl", hash = "sha256:b3ce300f3644fb06443ee2222c2201dd3a89ea6040541412b8fa189341847218"},
    {file = "numpy-1.26.4-cp312-cp312-macosx_11_0_arm64.whl", hash = "sha256:03a8c78d01d9781b28a6989f6fa1bb2c4f2d51201cf99d3dd875df6fbd96b23b"},
    {file = "numpy-1.26.4-cp312-cp312-manylinux_2_17_aarch64.manylinux2014_aarch64.whl", hash = "sha256:9fad7dcb1aac3c7f0584a5a8133e3a43eeb2fe127f47e3632d43d677c66c102b"},
    {file = "numpy-1.26.4-cp312-cp312-manylinux_2_17_x86_64.manylinux2014_x86_64.whl", hash = "sha256:675d61ffbfa78604709862923189bad94014bef562cc35cf61d3a07bba02a7ed"},
    {file = "numpy-1.26.4-cp312-cp312-musllinux_1_1_aarch64.whl", hash = "sha256:ab47dbe5cc8210f55aa58e4805fe224dac469cde56b9f731a4c098b91917159a"},
    {file = "numpy-1.26.4-cp312-cp312-musllinux_1_1_x86_64.whl", hash = "sha256:1dda2e7b4ec9dd512f84935c5f126c8bd8b9f2fc001e9f54af255e8c5f16b0e0"},
    {file = "numpy-1.26.4-cp312-cp312-win32.whl", hash = "sha256:50193e430acfc1346175fcbdaa28ffec49947a06918b7b92130744e81e640110"},
    {file = "numpy-1.26.4-cp312-cp312-win_amd64.whl", hash = "sha256:08beddf13648eb95f8d867350f6a018a4be2e5ad54c8d8caed89ebca558b2818"},
    {file = "numpy-1.26.4-cp39-cp39-macosx_10_9_x86_64.whl", hash = "sha256:7349ab0fa0c429c82442a27a9673fc802ffdb7c7775fad780226cb234965e53c"},
    {file = "numpy-1.26.4-cp39-cp39-macosx_11_0_arm64.whl", hash = "sha256:52b8b60467cd7dd1e9ed082188b4e6bb35aa5cdd01777621a1658910745b90be"},
    {file = "numpy-1.26.4-cp39-cp39-manylinux_2_17_aarch64.manylinux2014_aarch64.whl", hash = "sha256:d5241e0a80d808d70546c697135da2c613f30e28251ff8307eb72ba696945764"},
    {file = "numpy-1.26.4-cp39-cp39-manylinux_2_17_x86_64.manylinux2014_x86_64.whl", hash = "sha256:f870204a840a60da0b12273ef34f7051e98c3b5961b61b0c2c1be6dfd64fbcd3"},
    {file = "numpy-1.26.4-cp39-cp39-musllinux_1_1_aarch64.whl", hash = "sha256:679b0076f67ecc0138fd2ede3a8fd196dddc2ad3254069bcb9faf9a79b1cebcd"},
    {file = "numpy-1.26.4-cp39-cp39-musllinux_1_1_x86_64.whl", hash = "sha256:47711010ad8555514b434df65f7d7b076bb8261df1ca9bb78f53d3b2db02e95c"},
    {file = "numpy-1.26.4-cp39-cp39-win32.whl", hash = "sha256:a354325ee03388678242a4d7ebcd08b5c727033fcff3b2f536aea978e15ee9e6"},
    {file = "numpy-1.26.4-cp39-cp39-win_amd64.whl", hash = "sha256:3373d5d70a5fe74a2c1bb6d2cfd9609ecf686d47a2d7b1d37a8f3b6bf6003aea"},
    {file = "numpy-1.26.4-pp39-pypy39_pp73-macosx_10_9_x86_64.whl", hash = "sha256:afedb719a9dcfc7eaf2287b839d8198e06dcd4cb5d276a3df279231138e83d30"},
    {file = "numpy-1.26.4-pp39-pypy39_pp73-manylinux_2_17_x86_64.manylinux2014_x86_64.whl", hash = "sha256:95a7476c59002f2f6c590b9b7b998306fba6a5aa646b1e22ddfeaf8f78c3a29c"},
    {file = "numpy-1.26.4-pp39-pypy39_pp73-win_amd64.whl", hash = "sha256:7e50d0a0cc3189f9cb0aeb3a6a6af18c16f59f004b866cd2be1c14b36134a4a0"},
    {file = "numpy-1.26.4.tar.gz", hash = "sha256:2a02aba9ed12e4ac4eb3ea9421c420301a0c6460d9830d74a9df87efa4912010"},
]

[[package]]
name = "orjson"
version = "3.10.3"
description = "Fast, correct Python JSON library supporting dataclasses, datetimes, and numpy"
optional = false
python-versions = ">=3.8"
files = [
    {file = "orjson-3.10.3-cp310-cp310-macosx_10_15_x86_64.macosx_11_0_arm64.macosx_10_15_universal2.whl", hash = "sha256:9fb6c3f9f5490a3eb4ddd46fc1b6eadb0d6fc16fb3f07320149c3286a1409dd8"},
    {file = "orjson-3.10.3-cp310-cp310-manylinux_2_17_aarch64.manylinux2014_aarch64.whl", hash = "sha256:252124b198662eee80428f1af8c63f7ff077c88723fe206a25df8dc57a57b1fa"},
    {file = "orjson-3.10.3-cp310-cp310-manylinux_2_17_ppc64le.manylinux2014_ppc64le.whl", hash = "sha256:9f3e87733823089a338ef9bbf363ef4de45e5c599a9bf50a7a9b82e86d0228da"},
    {file = "orjson-3.10.3-cp310-cp310-manylinux_2_17_s390x.manylinux2014_s390x.whl", hash = "sha256:c8334c0d87103bb9fbbe59b78129f1f40d1d1e8355bbed2ca71853af15fa4ed3"},
    {file = "orjson-3.10.3-cp310-cp310-manylinux_2_17_x86_64.manylinux2014_x86_64.whl", hash = "sha256:1952c03439e4dce23482ac846e7961f9d4ec62086eb98ae76d97bd41d72644d7"},
    {file = "orjson-3.10.3-cp310-cp310-musllinux_1_2_aarch64.whl", hash = "sha256:c0403ed9c706dcd2809f1600ed18f4aae50be263bd7112e54b50e2c2bc3ebd6d"},
    {file = "orjson-3.10.3-cp310-cp310-musllinux_1_2_x86_64.whl", hash = "sha256:382e52aa4270a037d41f325e7d1dfa395b7de0c367800b6f337d8157367bf3a7"},
    {file = "orjson-3.10.3-cp310-none-win32.whl", hash = "sha256:be2aab54313752c04f2cbaab4515291ef5af8c2256ce22abc007f89f42f49109"},
    {file = "orjson-3.10.3-cp310-none-win_amd64.whl", hash = "sha256:416b195f78ae461601893f482287cee1e3059ec49b4f99479aedf22a20b1098b"},
    {file = "orjson-3.10.3-cp311-cp311-macosx_10_15_x86_64.macosx_11_0_arm64.macosx_10_15_universal2.whl", hash = "sha256:73100d9abbbe730331f2242c1fc0bcb46a3ea3b4ae3348847e5a141265479700"},
    {file = "orjson-3.10.3-cp311-cp311-manylinux_2_17_aarch64.manylinux2014_aarch64.whl", hash = "sha256:544a12eee96e3ab828dbfcb4d5a0023aa971b27143a1d35dc214c176fdfb29b3"},
    {file = "orjson-3.10.3-cp311-cp311-manylinux_2_17_ppc64le.manylinux2014_ppc64le.whl", hash = "sha256:520de5e2ef0b4ae546bea25129d6c7c74edb43fc6cf5213f511a927f2b28148b"},
    {file = "orjson-3.10.3-cp311-cp311-manylinux_2_17_s390x.manylinux2014_s390x.whl", hash = "sha256:ccaa0a401fc02e8828a5bedfd80f8cd389d24f65e5ca3954d72c6582495b4bcf"},
    {file = "orjson-3.10.3-cp311-cp311-manylinux_2_17_x86_64.manylinux2014_x86_64.whl", hash = "sha256:9a7bc9e8bc11bac40f905640acd41cbeaa87209e7e1f57ade386da658092dc16"},
    {file = "orjson-3.10.3-cp311-cp311-musllinux_1_2_aarch64.whl", hash = "sha256:3582b34b70543a1ed6944aca75e219e1192661a63da4d039d088a09c67543b08"},
    {file = "orjson-3.10.3-cp311-cp311-musllinux_1_2_x86_64.whl", hash = "sha256:1c23dfa91481de880890d17aa7b91d586a4746a4c2aa9a145bebdbaf233768d5"},
    {file = "orjson-3.10.3-cp311-none-win32.whl", hash = "sha256:1770e2a0eae728b050705206d84eda8b074b65ee835e7f85c919f5705b006c9b"},
    {file = "orjson-3.10.3-cp311-none-win_amd64.whl", hash = "sha256:93433b3c1f852660eb5abdc1f4dd0ced2be031ba30900433223b28ee0140cde5"},
    {file = "orjson-3.10.3-cp312-cp312-macosx_10_15_x86_64.macosx_11_0_arm64.macosx_10_15_universal2.whl", hash = "sha256:a39aa73e53bec8d410875683bfa3a8edf61e5a1c7bb4014f65f81d36467ea098"},
    {file = "orjson-3.10.3-cp312-cp312-manylinux_2_17_aarch64.manylinux2014_aarch64.whl", hash = "sha256:0943a96b3fa09bee1afdfccc2cb236c9c64715afa375b2af296c73d91c23eab2"},
    {file = "orjson-3.10.3-cp312-cp312-manylinux_2_17_ppc64le.manylinux2014_ppc64le.whl", hash = "sha256:e852baafceff8da3c9defae29414cc8513a1586ad93e45f27b89a639c68e8176"},
    {file = "orjson-3.10.3-cp312-cp312-manylinux_2_17_s390x.manylinux2014_s390x.whl", hash = "sha256:18566beb5acd76f3769c1d1a7ec06cdb81edc4d55d2765fb677e3eaa10fa99e0"},
    {file = "orjson-3.10.3-cp312-cp312-manylinux_2_17_x86_64.manylinux2014_x86_64.whl", hash = "sha256:1bd2218d5a3aa43060efe649ec564ebedec8ce6ae0a43654b81376216d5ebd42"},
    {file = "orjson-3.10.3-cp312-cp312-musllinux_1_2_aarch64.whl", hash = "sha256:cf20465e74c6e17a104ecf01bf8cd3b7b252565b4ccee4548f18b012ff2f8069"},
    {file = "orjson-3.10.3-cp312-cp312-musllinux_1_2_x86_64.whl", hash = "sha256:ba7f67aa7f983c4345eeda16054a4677289011a478ca947cd69c0a86ea45e534"},
    {file = "orjson-3.10.3-cp312-none-win32.whl", hash = "sha256:17e0713fc159abc261eea0f4feda611d32eabc35708b74bef6ad44f6c78d5ea0"},
    {file = "orjson-3.10.3-cp312-none-win_amd64.whl", hash = "sha256:4c895383b1ec42b017dd2c75ae8a5b862fc489006afde06f14afbdd0309b2af0"},
    {file = "orjson-3.10.3-cp38-cp38-macosx_10_15_x86_64.macosx_11_0_arm64.macosx_10_15_universal2.whl", hash = "sha256:be2719e5041e9fb76c8c2c06b9600fe8e8584e6980061ff88dcbc2691a16d20d"},
    {file = "orjson-3.10.3-cp38-cp38-manylinux_2_17_aarch64.manylinux2014_aarch64.whl", hash = "sha256:cb0175a5798bdc878956099f5c54b9837cb62cfbf5d0b86ba6d77e43861bcec2"},
    {file = "orjson-3.10.3-cp38-cp38-manylinux_2_17_ppc64le.manylinux2014_ppc64le.whl", hash = "sha256:978be58a68ade24f1af7758626806e13cff7748a677faf95fbb298359aa1e20d"},
    {file = "orjson-3.10.3-cp38-cp38-manylinux_2_17_s390x.manylinux2014_s390x.whl", hash = "sha256:16bda83b5c61586f6f788333d3cf3ed19015e3b9019188c56983b5a299210eb5"},
    {file = "orjson-3.10.3-cp38-cp38-manylinux_2_17_x86_64.manylinux2014_x86_64.whl", hash = "sha256:4ad1f26bea425041e0a1adad34630c4825a9e3adec49079b1fb6ac8d36f8b754"},
    {file = "orjson-3.10.3-cp38-cp38-musllinux_1_2_aarch64.whl", hash = "sha256:9e253498bee561fe85d6325ba55ff2ff08fb5e7184cd6a4d7754133bd19c9195"},
    {file = "orjson-3.10.3-cp38-cp38-musllinux_1_2_x86_64.whl", hash = "sha256:0a62f9968bab8a676a164263e485f30a0b748255ee2f4ae49a0224be95f4532b"},
    {file = "orjson-3.10.3-cp38-none-win32.whl", hash = "sha256:8d0b84403d287d4bfa9bf7d1dc298d5c1c5d9f444f3737929a66f2fe4fb8f134"},
    {file = "orjson-3.10.3-cp38-none-win_amd64.whl", hash = "sha256:8bc7a4df90da5d535e18157220d7915780d07198b54f4de0110eca6b6c11e290"},
    {file = "orjson-3.10.3-cp39-cp39-macosx_10_15_x86_64.macosx_11_0_arm64.macosx_10_15_universal2.whl", hash = "sha256:9059d15c30e675a58fdcd6f95465c1522b8426e092de9fff20edebfdc15e1cb0"},
    {file = "orjson-3.10.3-cp39-cp39-manylinux_2_17_aarch64.manylinux2014_aarch64.whl", hash = "sha256:8d40c7f7938c9c2b934b297412c067936d0b54e4b8ab916fd1a9eb8f54c02294"},
    {file = "orjson-3.10.3-cp39-cp39-manylinux_2_17_ppc64le.manylinux2014_ppc64le.whl", hash = "sha256:d4a654ec1de8fdaae1d80d55cee65893cb06494e124681ab335218be6a0691e7"},
    {file = "orjson-3.10.3-cp39-cp39-manylinux_2_17_s390x.manylinux2014_s390x.whl", hash = "sha256:831c6ef73f9aa53c5f40ae8f949ff7681b38eaddb6904aab89dca4d85099cb78"},
    {file = "orjson-3.10.3-cp39-cp39-manylinux_2_17_x86_64.manylinux2014_x86_64.whl", hash = "sha256:99b880d7e34542db89f48d14ddecbd26f06838b12427d5a25d71baceb5ba119d"},
    {file = "orjson-3.10.3-cp39-cp39-musllinux_1_2_aarch64.whl", hash = "sha256:2e5e176c994ce4bd434d7aafb9ecc893c15f347d3d2bbd8e7ce0b63071c52e25"},
    {file = "orjson-3.10.3-cp39-cp39-musllinux_1_2_x86_64.whl", hash = "sha256:b69a58a37dab856491bf2d3bbf259775fdce262b727f96aafbda359cb1d114d8"},
    {file = "orjson-3.10.3-cp39-none-win32.whl", hash = "sha256:b8d4d1a6868cde356f1402c8faeb50d62cee765a1f7ffcfd6de732ab0581e063"},
    {file = "orjson-3.10.3-cp39-none-win_amd64.whl", hash = "sha256:5102f50c5fc46d94f2033fe00d392588564378260d64377aec702f21a7a22912"},
    {file = "orjson-3.10.3.tar.gz", hash = "sha256:2b166507acae7ba2f7c315dcf185a9111ad5e992ac81f2d507aac39193c2c818"},
]

[[package]]
name = "tifffile"
version = "2024.5.22"
description = "Read and write TIFF files"
optional = false
python-versions = ">=3.9"
files = [
    {file = "tifffile-2024.5.22-py3-none-any.whl", hash = "sha256:e281781c15d7d197d7e12749849c965651413aa905f97a48b0f84bd90a3b4c6f"},
    {file = "tifffile-2024.5.22.tar.gz", hash = "sha256:3a105801d1b86d55692a98812a170c39d3f0447aeacb1d94635d38077cb328c4"},
]

[package.dependencies]
numpy = "*"

[package.extras]
all = ["defusedxml", "fsspec", "imagecodecs (>=2023.8.12)", "lxml", "matplotlib", "zarr"]

[[package]]
name = "tornado"
version = "6.4"
description = "Tornado is a Python web framework and asynchronous networking library, originally developed at FriendFeed."
optional = false
python-versions = ">= 3.8"
files = [
    {file = "tornado-6.4-cp38-abi3-macosx_10_9_universal2.whl", hash = "sha256:02ccefc7d8211e5a7f9e8bc3f9e5b0ad6262ba2fbb683a6443ecc804e5224ce0"},
    {file = "tornado-6.4-cp38-abi3-macosx_10_9_x86_64.whl", hash = "sha256:27787de946a9cffd63ce5814c33f734c627a87072ec7eed71f7fc4417bb16263"},
    {file = "tornado-6.4-cp38-abi3-manylinux_2_17_aarch64.manylinux2014_aarch64.whl", hash = "sha256:f7894c581ecdcf91666a0912f18ce5e757213999e183ebfc2c3fdbf4d5bd764e"},
    {file = "tornado-6.4-cp38-abi3-manylinux_2_5_i686.manylinux1_i686.manylinux_2_17_i686.manylinux2014_i686.whl", hash = "sha256:e43bc2e5370a6a8e413e1e1cd0c91bedc5bd62a74a532371042a18ef19e10579"},
    {file = "tornado-6.4-cp38-abi3-manylinux_2_5_x86_64.manylinux1_x86_64.manylinux_2_17_x86_64.manylinux2014_x86_64.whl", hash = "sha256:f0251554cdd50b4b44362f73ad5ba7126fc5b2c2895cc62b14a1c2d7ea32f212"},
    {file = "tornado-6.4-cp38-abi3-musllinux_1_1_aarch64.whl", hash = "sha256:fd03192e287fbd0899dd8f81c6fb9cbbc69194d2074b38f384cb6fa72b80e9c2"},
    {file = "tornado-6.4-cp38-abi3-musllinux_1_1_i686.whl", hash = "sha256:88b84956273fbd73420e6d4b8d5ccbe913c65d31351b4c004ae362eba06e1f78"},
    {file = "tornado-6.4-cp38-abi3-musllinux_1_1_x86_64.whl", hash = "sha256:71ddfc23a0e03ef2df1c1397d859868d158c8276a0603b96cf86892bff58149f"},
    {file = "tornado-6.4-cp38-abi3-win32.whl", hash = "sha256:6f8a6c77900f5ae93d8b4ae1196472d0ccc2775cc1dfdc9e7727889145c45052"},
    {file = "tornado-6.4-cp38-abi3-win_amd64.whl", hash = "sha256:10aeaa8006333433da48dec9fe417877f8bcc21f48dda8d661ae79da357b2a63"},
    {file = "tornado-6.4.tar.gz", hash = "sha256:72291fa6e6bc84e626589f1c29d90a5a6d593ef5ae68052ee2ef000dfd273dee"},
]

[[package]]
name = "typing-extensions"
version = "4.12.1"
description = "Backported and Experimental Type Hints for Python 3.8+"
optional = false
python-versions = ">=3.8"
files = [
    {file = "typing_extensions-4.12.1-py3-none-any.whl", hash = "sha256:6024b58b69089e5a89c347397254e35f1bf02a907728ec7fee9bf0fe837d203a"},
    {file = "typing_extensions-4.12.1.tar.gz", hash = "sha256:915f5e35ff76f56588223f15fdd5938f9a1cf9195c0de25130c627e4d597f6d1"},
]

[metadata]
lock-version = "2.0"
python-versions = "^3.12"
content-hash = "619b44f288d595ad12c39049417799c2871c8e7346484ee761429b7c7ddd48bd"
